
Microsoft Visual Studio Solution File, Format Version 12.00
# Visual Studio Version 17
VisualStudioVersion = 17.4.33213.308
MinimumVisualStudioVersion = 10.0.40219.1
Project("{FAE04EC0-301F-11D3-BF4B-00C04F79EFBC}") = "Timer WPF", "Timer WPF\Timer WPF.csproj", "{D343FCEC-0A6B-47E7-B289-25C60330F952}"
EndProject
Global
	GlobalSection(SolutionConfigurationPlatforms) = preSolution
		Debug|Any CPU = Debug|Any CPU
		Release|Any CPU = Release|Any CPU
	EndGlobalSection
	GlobalSection(ProjectConfigurationPlatforms) = postSolution
		{D343FCEC-0A6B-47E7-B289-25C60330F952}.Debug|Any CPU.ActiveCfg = Debug|Any CPU
		{D343FCEC-0A6B-47E7-B289-25C60330F952}.Debug|Any CPU.Build.0 = Debug|Any CPU
		{D343FCEC-0A6B-47E7-B289-25C60330F952}.Release|Any CPU.ActiveCfg = Release|Any CPU
		{D343FCEC-0A6B-47E7-B289-25C60330F952}.Release|Any CPU.Build.0 = Release|Any CPU
	EndGlobalSection
	GlobalSection(SolutionProperties) = preSolution
		HideSolutionNode = FALSE
	EndGlobalSection
	GlobalSection(ExtensibilityGlobals) = postSolution
		SolutionGuid = {7D231DDA-55DB-46FB-992A-E91110667704}
	EndGlobalSection
EndGlobal
